
Microsoft Visual Studio Solution File, Format Version 12.00
# Visual Studio 14
VisualStudioVersion = 14.0.25420.1
MinimumVisualStudioVersion = 10.0.40219.1
Project("{FAE04EC0-301F-11D3-BF4B-00C04F79EFBC}") = "Models", "Models\Models.csproj", "{45EFB7E7-7532-422B-9D4C-C9D89402758A}"
EndProject
Project("{FAE04EC0-301F-11D3-BF4B-00C04F79EFBC}") = "PSSCUnitTesting", "PSSCUnitTesting\PSSCUnitTesting.csproj", "{72D3453E-B50B-45B7-8E1F-7EC92B0A1CBB}"
EndProject
Project("{FAE04EC0-301F-11D3-BF4B-00C04F79EFBC}") = "EventSourcing", "EventSourcing\EventSourcing.csproj", "{65B69BBF-DA7E-445A-BA5D-E9DAE0A7A35A}"
EndProject
Project("{F2A71F9B-5D33-465A-A702-920D77279786}") = "Messages", "Messages\Messages.fsproj", "{AE3552FC-F3FE-45DA-8FEE-B6C7193052A6}"
EndProject
Project("{FAE04EC0-301F-11D3-BF4B-00C04F79EFBC}") = "Data", "Data\Data.csproj", "{8F298CF9-4986-482D-82EC-EBEC9F83A2E9}"
EndProject
Project("{FAE04EC0-301F-11D3-BF4B-00C04F79EFBC}") = "EventProcessing", "EventProcessing\EventProcessing.csproj", "{B95C0B5E-F310-4718-B949-59C8A0AEDE62}"
EndProject
Project("{FAE04EC0-301F-11D3-BF4B-00C04F79EFBC}") = "WebPortal", "WebPortal\WebPortal.csproj", "{9446252F-9676-4318-A8D7-8F52B5528EFF}"
EndProject
Project("{00D1A9C2-B5F0-4AF3-8072-F6C62B433612}") = "UniversityManagemntDB", "UniversityManagemntDB\UniversityManagemntDB.sqlproj", "{70B0406E-5D1B-4CEC-B854-B5E4A269E93F}"
EndProject
Global
	GlobalSection(SolutionConfigurationPlatforms) = preSolution
		Debug|Any CPU = Debug|Any CPU
		Release|Any CPU = Release|Any CPU
	EndGlobalSection
	GlobalSection(ProjectConfigurationPlatforms) = postSolution
		{45EFB7E7-7532-422B-9D4C-C9D89402758A}.Debug|Any CPU.ActiveCfg = Debug|Any CPU
		{45EFB7E7-7532-422B-9D4C-C9D89402758A}.Debug|Any CPU.Build.0 = Debug|Any CPU
		{45EFB7E7-7532-422B-9D4C-C9D89402758A}.Release|Any CPU.ActiveCfg = Release|Any CPU
		{45EFB7E7-7532-422B-9D4C-C9D89402758A}.Release|Any CPU.Build.0 = Release|Any CPU
		{72D3453E-B50B-45B7-8E1F-7EC92B0A1CBB}.Debug|Any CPU.ActiveCfg = Debug|Any CPU
		{72D3453E-B50B-45B7-8E1F-7EC92B0A1CBB}.Debug|Any CPU.Build.0 = Debug|Any CPU
		{72D3453E-B50B-45B7-8E1F-7EC92B0A1CBB}.Release|Any CPU.ActiveCfg = Release|Any CPU
		{72D3453E-B50B-45B7-8E1F-7EC92B0A1CBB}.Release|Any CPU.Build.0 = Release|Any CPU
		{65B69BBF-DA7E-445A-BA5D-E9DAE0A7A35A}.Debug|Any CPU.ActiveCfg = Debug|Any CPU
		{65B69BBF-DA7E-445A-BA5D-E9DAE0A7A35A}.Debug|Any CPU.Build.0 = Debug|Any CPU
		{65B69BBF-DA7E-445A-BA5D-E9DAE0A7A35A}.Release|Any CPU.ActiveCfg = Release|Any CPU
		{65B69BBF-DA7E-445A-BA5D-E9DAE0A7A35A}.Release|Any CPU.Build.0 = Release|Any CPU
		{AE3552FC-F3FE-45DA-8FEE-B6C7193052A6}.Debug|Any CPU.ActiveCfg = Debug|Any CPU
		{AE3552FC-F3FE-45DA-8FEE-B6C7193052A6}.Debug|Any CPU.Build.0 = Debug|Any CPU
		{AE3552FC-F3FE-45DA-8FEE-B6C7193052A6}.Release|Any CPU.ActiveCfg = Release|Any CPU
		{AE3552FC-F3FE-45DA-8FEE-B6C7193052A6}.Release|Any CPU.Build.0 = Release|Any CPU
		{8F298CF9-4986-482D-82EC-EBEC9F83A2E9}.Debug|Any CPU.ActiveCfg = Debug|Any CPU
		{8F298CF9-4986-482D-82EC-EBEC9F83A2E9}.Debug|Any CPU.Build.0 = Debug|Any CPU
		{8F298CF9-4986-482D-82EC-EBEC9F83A2E9}.Release|Any CPU.ActiveCfg = Release|Any CPU
		{8F298CF9-4986-482D-82EC-EBEC9F83A2E9}.Release|Any CPU.Build.0 = Release|Any CPU
		{B95C0B5E-F310-4718-B949-59C8A0AEDE62}.Debug|Any CPU.ActiveCfg = Debug|Any CPU
		{B95C0B5E-F310-4718-B949-59C8A0AEDE62}.Debug|Any CPU.Build.0 = Debug|Any CPU
		{B95C0B5E-F310-4718-B949-59C8A0AEDE62}.Release|Any CPU.ActiveCfg = Release|Any CPU
		{B95C0B5E-F310-4718-B949-59C8A0AEDE62}.Release|Any CPU.Build.0 = Release|Any CPU
		{9446252F-9676-4318-A8D7-8F52B5528EFF}.Debug|Any CPU.ActiveCfg = Debug|Any CPU
		{9446252F-9676-4318-A8D7-8F52B5528EFF}.Debug|Any CPU.Build.0 = Debug|Any CPU
		{9446252F-9676-4318-A8D7-8F52B5528EFF}.Release|Any CPU.ActiveCfg = Release|Any CPU
		{9446252F-9676-4318-A8D7-8F52B5528EFF}.Release|Any CPU.Build.0 = Release|Any CPU
		{70B0406E-5D1B-4CEC-B854-B5E4A269E93F}.Debug|Any CPU.ActiveCfg = Debug|Any CPU
		{70B0406E-5D1B-4CEC-B854-B5E4A269E93F}.Debug|Any CPU.Build.0 = Debug|Any CPU
		{70B0406E-5D1B-4CEC-B854-B5E4A269E93F}.Debug|Any CPU.Deploy.0 = Debug|Any CPU
		{70B0406E-5D1B-4CEC-B854-B5E4A269E93F}.Release|Any CPU.ActiveCfg = Release|Any CPU
		{70B0406E-5D1B-4CEC-B854-B5E4A269E93F}.Release|Any CPU.Build.0 = Release|Any CPU
		{70B0406E-5D1B-4CEC-B854-B5E4A269E93F}.Release|Any CPU.Deploy.0 = Release|Any CPU
	EndGlobalSection
	GlobalSection(SolutionProperties) = preSolution
		HideSolutionNode = FALSE
	EndGlobalSection
EndGlobal
